// !$*UTF8*$!
{
	archiveVersion = 1;
	classes = {
	};
	objectVersion = 56;
	objects = {

/* Begin PBXBuildFile section */
		E51C81E02BE22F8B00661FEC /* SecureFieldWithButton.swift in Sources */ = {isa = PBXBuildFile; fileRef = E51C81DF2BE22F8B00661FEC /* SecureFieldWithButton.swift */; };
		E51C81E22BE231CD00661FEC /* User.swift in Sources */ = {isa = PBXBuildFile; fileRef = E51C81E12BE231CD00661FEC /* User.swift */; };
		E51C81E42BE242AC00661FEC /* CurrentUserProfileView.swift in Sources */ = {isa = PBXBuildFile; fileRef = E51C81E32BE242AC00661FEC /* CurrentUserProfileView.swift */; };
		E51C81E62BE244F000661FEC /* Post.swift in Sources */ = {isa = PBXBuildFile; fileRef = E51C81E52BE244F000661FEC /* Post.swift */; };
		E51C81E82BE2485300661FEC /* PostGridView.swift in Sources */ = {isa = PBXBuildFile; fileRef = E51C81E72BE2485300661FEC /* PostGridView.swift */; };
		E51C81EA2BE2495F00661FEC /* ProfileHeaderView.swift in Sources */ = {isa = PBXBuildFile; fileRef = E51C81E92BE2495F00661FEC /* ProfileHeaderView.swift */; };
		E51C81EC2BE24FC000661FEC /* UploadPostView.swift in Sources */ = {isa = PBXBuildFile; fileRef = E51C81EB2BE24FC000661FEC /* UploadPostView.swift */; };
		E51C81EE2BE2522100661FEC /* UploadPostViewModel.swift in Sources */ = {isa = PBXBuildFile; fileRef = E51C81ED2BE2522100661FEC /* UploadPostViewModel.swift */; };
		E51C81F02BE2765F00661FEC /* GoogleService-Info.plist in Resources */ = {isa = PBXBuildFile; fileRef = E51C81EF2BE2765F00661FEC /* GoogleService-Info.plist */; };
		E51C81FE2BE2781400661FEC /* AuthService.swift in Sources */ = {isa = PBXBuildFile; fileRef = E51C81FD2BE2781400661FEC /* AuthService.swift */; };
		E51C82012BE278CA00661FEC /* FirebaseAuth in Frameworks */ = {isa = PBXBuildFile; productRef = E51C82002BE278CA00661FEC /* FirebaseAuth */; };
		E51C82062BE2799900661FEC /* ContentViewModel.swift in Sources */ = {isa = PBXBuildFile; fileRef = E51C82052BE2799900661FEC /* ContentViewModel.swift */; };
		E51C82092BE27D4D00661FEC /* RegisterViewModel.swift in Sources */ = {isa = PBXBuildFile; fileRef = E51C82082BE27D4D00661FEC /* RegisterViewModel.swift */; };
		E5338FB42BDE5F55009ACB21 /* instaCloneApp.swift in Sources */ = {isa = PBXBuildFile; fileRef = E5338FB32BDE5F55009ACB21 /* instaCloneApp.swift */; };
		E5338FB62BDE5F55009ACB21 /* ContentView.swift in Sources */ = {isa = PBXBuildFile; fileRef = E5338FB52BDE5F55009ACB21 /* ContentView.swift */; };
		E5338FB82BDE5F57009ACB21 /* Assets.xcassets in Resources */ = {isa = PBXBuildFile; fileRef = E5338FB72BDE5F57009ACB21 /* Assets.xcassets */; };
		E5338FBB2BDE5F57009ACB21 /* Preview Assets.xcassets in Resources */ = {isa = PBXBuildFile; fileRef = E5338FBA2BDE5F57009ACB21 /* Preview Assets.xcassets */; };
		E5338FCD2BDE60D1009ACB21 /* MainTabView.swift in Sources */ = {isa = PBXBuildFile; fileRef = E5338FCC2BDE60D1009ACB21 /* MainTabView.swift */; };
		E5338FCF2BDE6319009ACB21 /* ProfileView.swift in Sources */ = {isa = PBXBuildFile; fileRef = E5338FCE2BDE6319009ACB21 /* ProfileView.swift */; };
		E5338FD22BDE663C009ACB21 /* UserStatView.swift in Sources */ = {isa = PBXBuildFile; fileRef = E5338FD12BDE663C009ACB21 /* UserStatView.swift */; };
		E5338FD42BDE693A009ACB21 /* FeedView.swift in Sources */ = {isa = PBXBuildFile; fileRef = E5338FD32BDE693A009ACB21 /* FeedView.swift */; };
		E5338FD62BDE6940009ACB21 /* FeedCell.swift in Sources */ = {isa = PBXBuildFile; fileRef = E5338FD52BDE6940009ACB21 /* FeedCell.swift */; };
		E5338FD82BDE7586009ACB21 /* SearchView.swift in Sources */ = {isa = PBXBuildFile; fileRef = E5338FD72BDE7586009ACB21 /* SearchView.swift */; };
		E5338FDA2BDE7730009ACB21 /* LoginView.swift in Sources */ = {isa = PBXBuildFile; fileRef = E5338FD92BDE7730009ACB21 /* LoginView.swift */; };
		E5338FDC2BDE7BBD009ACB21 /* AddEmailView.swift in Sources */ = {isa = PBXBuildFile; fileRef = E5338FDB2BDE7BBD009ACB21 /* AddEmailView.swift */; };
		E5338FDE2BDE7DF0009ACB21 /* IGTextFieldModifier.swift in Sources */ = {isa = PBXBuildFile; fileRef = E5338FDD2BDE7DF0009ACB21 /* IGTextFieldModifier.swift */; };
		E5338FE02BDE7F15009ACB21 /* CreateUsernameView.swift in Sources */ = {isa = PBXBuildFile; fileRef = E5338FDF2BDE7F15009ACB21 /* CreateUsernameView.swift */; };
		E5338FE22BDE7FE4009ACB21 /* CreatePasswordView.swift in Sources */ = {isa = PBXBuildFile; fileRef = E5338FE12BDE7FE4009ACB21 /* CreatePasswordView.swift */; };
		E5338FE42BDE8069009ACB21 /* CompleteSignupView.swift in Sources */ = {isa = PBXBuildFile; fileRef = E5338FE32BDE8069009ACB21 /* CompleteSignupView.swift */; };
		E5C4DF3C2BE6718000BF2E56 /* LoginViewModel.swift in Sources */ = {isa = PBXBuildFile; fileRef = E5C4DF3B2BE6718000BF2E56 /* LoginViewModel.swift */; };
		E5C4DF3E2BE674A200BF2E56 /* FirebaseFirestoreSwift in Frameworks */ = {isa = PBXBuildFile; productRef = E5C4DF3D2BE674A200BF2E56 /* FirebaseFirestoreSwift */; };
		E5C4DF402BE6750400BF2E56 /* FirebaseFirestore in Frameworks */ = {isa = PBXBuildFile; productRef = E5C4DF3F2BE6750400BF2E56 /* FirebaseFirestore */; };
		E5C4DF422BE6807E00BF2E56 /* UserService.swift in Sources */ = {isa = PBXBuildFile; fileRef = E5C4DF412BE6807E00BF2E56 /* UserService.swift */; };
		E5C4DF462BE6817600BF2E56 /* SearchViewModel.swift in Sources */ = {isa = PBXBuildFile; fileRef = E5C4DF452BE6817600BF2E56 /* SearchViewModel.swift */; };
/* End PBXBuildFile section */

/* Begin PBXFileReference section */
		E51C81DF2BE22F8B00661FEC /* SecureFieldWithButton.swift */ = {isa = PBXFileReference; lastKnownFileType = sourcecode.swift; path = SecureFieldWithButton.swift; sourceTree = "<group>"; };
		E51C81E12BE231CD00661FEC /* User.swift */ = {isa = PBXFileReference; lastKnownFileType = sourcecode.swift; path = User.swift; sourceTree = "<group>"; };
		E51C81E32BE242AC00661FEC /* CurrentUserProfileView.swift */ = {isa = PBXFileReference; lastKnownFileType = sourcecode.swift; path = CurrentUserProfileView.swift; sourceTree = "<group>"; };
		E51C81E52BE244F000661FEC /* Post.swift */ = {isa = PBXFileReference; lastKnownFileType = sourcecode.swift; path = Post.swift; sourceTree = "<group>"; };
		E51C81E72BE2485300661FEC /* PostGridView.swift */ = {isa = PBXFileReference; lastKnownFileType = sourcecode.swift; path = PostGridView.swift; sourceTree = "<group>"; };
		E51C81E92BE2495F00661FEC /* ProfileHeaderView.swift */ = {isa = PBXFileReference; lastKnownFileType = sourcecode.swift; path = ProfileHeaderView.swift; sourceTree = "<group>"; };
		E51C81EB2BE24FC000661FEC /* UploadPostView.swift */ = {isa = PBXFileReference; lastKnownFileType = sourcecode.swift; path = UploadPostView.swift; sourceTree = "<group>"; };
		E51C81ED2BE2522100661FEC /* UploadPostViewModel.swift */ = {isa = PBXFileReference; lastKnownFileType = sourcecode.swift; path = UploadPostViewModel.swift; sourceTree = "<group>"; };
		E51C81EF2BE2765F00661FEC /* GoogleService-Info.plist */ = {isa = PBXFileReference; fileEncoding = 4; lastKnownFileType = text.plist.xml; path = "GoogleService-Info.plist"; sourceTree = "<group>"; };
		E51C81FD2BE2781400661FEC /* AuthService.swift */ = {isa = PBXFileReference; lastKnownFileType = sourcecode.swift; path = AuthService.swift; sourceTree = "<group>"; };
		E51C82052BE2799900661FEC /* ContentViewModel.swift */ = {isa = PBXFileReference; lastKnownFileType = sourcecode.swift; path = ContentViewModel.swift; sourceTree = "<group>"; };
		E51C82082BE27D4D00661FEC /* RegisterViewModel.swift */ = {isa = PBXFileReference; lastKnownFileType = sourcecode.swift; path = RegisterViewModel.swift; sourceTree = "<group>"; };
		E5338FB02BDE5F55009ACB21 /* instaClone.app */ = {isa = PBXFileReference; explicitFileType = wrapper.application; includeInIndex = 0; path = instaClone.app; sourceTree = BUILT_PRODUCTS_DIR; };
		E5338FB32BDE5F55009ACB21 /* instaCloneApp.swift */ = {isa = PBXFileReference; lastKnownFileType = sourcecode.swift; path = instaCloneApp.swift; sourceTree = "<group>"; };
		E5338FB52BDE5F55009ACB21 /* ContentView.swift */ = {isa = PBXFileReference; lastKnownFileType = sourcecode.swift; path = ContentView.swift; sourceTree = "<group>"; };
		E5338FB72BDE5F57009ACB21 /* Assets.xcassets */ = {isa = PBXFileReference; lastKnownFileType = folder.assetcatalog; path = Assets.xcassets; sourceTree = "<group>"; };
		E5338FBA2BDE5F57009ACB21 /* Preview Assets.xcassets */ = {isa = PBXFileReference; lastKnownFileType = folder.assetcatalog; path = "Preview Assets.xcassets"; sourceTree = "<group>"; };
		E5338FCC2BDE60D1009ACB21 /* MainTabView.swift */ = {isa = PBXFileReference; lastKnownFileType = sourcecode.swift; path = MainTabView.swift; sourceTree = "<group>"; };
		E5338FCE2BDE6319009ACB21 /* ProfileView.swift */ = {isa = PBXFileReference; lastKnownFileType = sourcecode.swift; path = ProfileView.swift; sourceTree = "<group>"; };
		E5338FD12BDE663C009ACB21 /* UserStatView.swift */ = {isa = PBXFileReference; lastKnownFileType = sourcecode.swift; path = UserStatView.swift; sourceTree = "<group>"; };
		E5338FD32BDE693A009ACB21 /* FeedView.swift */ = {isa = PBXFileReference; lastKnownFileType = sourcecode.swift; path = FeedView.swift; sourceTree = "<group>"; };
		E5338FD52BDE6940009ACB21 /* FeedCell.swift */ = {isa = PBXFileReference; lastKnownFileType = sourcecode.swift; path = FeedCell.swift; sourceTree = "<group>"; };
		E5338FD72BDE7586009ACB21 /* SearchView.swift */ = {isa = PBXFileReference; lastKnownFileType = sourcecode.swift; path = SearchView.swift; sourceTree = "<group>"; };
		E5338FD92BDE7730009ACB21 /* LoginView.swift */ = {isa = PBXFileReference; lastKnownFileType = sourcecode.swift; path = LoginView.swift; sourceTree = "<group>"; };
		E5338FDB2BDE7BBD009ACB21 /* AddEmailView.swift */ = {isa = PBXFileReference; lastKnownFileType = sourcecode.swift; path = AddEmailView.swift; sourceTree = "<group>"; };
		E5338FDD2BDE7DF0009ACB21 /* IGTextFieldModifier.swift */ = {isa = PBXFileReference; lastKnownFileType = sourcecode.swift; path = IGTextFieldModifier.swift; sourceTree = "<group>"; };
		E5338FDF2BDE7F15009ACB21 /* CreateUsernameView.swift */ = {isa = PBXFileReference; lastKnownFileType = sourcecode.swift; path = CreateUsernameView.swift; sourceTree = "<group>"; };
		E5338FE12BDE7FE4009ACB21 /* CreatePasswordView.swift */ = {isa = PBXFileReference; lastKnownFileType = sourcecode.swift; path = CreatePasswordView.swift; sourceTree = "<group>"; };
		E5338FE32BDE8069009ACB21 /* CompleteSignupView.swift */ = {isa = PBXFileReference; lastKnownFileType = sourcecode.swift; path = CompleteSignupView.swift; sourceTree = "<group>"; };
		E5C4DF3B2BE6718000BF2E56 /* LoginViewModel.swift */ = {isa = PBXFileReference; lastKnownFileType = sourcecode.swift; path = LoginViewModel.swift; sourceTree = "<group>"; };
		E5C4DF412BE6807E00BF2E56 /* UserService.swift */ = {isa = PBXFileReference; lastKnownFileType = sourcecode.swift; path = UserService.swift; sourceTree = "<group>"; };
		E5C4DF452BE6817600BF2E56 /* SearchViewModel.swift */ = {isa = PBXFileReference; lastKnownFileType = sourcecode.swift; path = SearchViewModel.swift; sourceTree = "<group>"; };
/* End PBXFileReference section */

/* Begin PBXFrameworksBuildPhase section */
		E5338FAD2BDE5F55009ACB21 /* Frameworks */ = {
			isa = PBXFrameworksBuildPhase;
			buildActionMask = 2147483647;
			files = (
				E51C82012BE278CA00661FEC /* FirebaseAuth in Frameworks */,
				E5C4DF3E2BE674A200BF2E56 /* FirebaseFirestoreSwift in Frameworks */,
				E5C4DF402BE6750400BF2E56 /* FirebaseFirestore in Frameworks */,
			);
			runOnlyForDeploymentPostprocessing = 0;
		};
/* End PBXFrameworksBuildPhase section */

/* Begin PBXGroup section */
		E51C81FC2BE2780A00661FEC /* Service */ = {
			isa = PBXGroup;
			children = (
				E51C81FD2BE2781400661FEC /* AuthService.swift */,
			);
			path = Service;
			sourceTree = "<group>";
		};
		E51C81FF2BE278CA00661FEC /* Frameworks */ = {
			isa = PBXGroup;
			children = (
			);
			name = Frameworks;
			sourceTree = "<group>";
		};
		E51C82022BE2797400661FEC /* Root */ = {
			isa = PBXGroup;
			children = (
				E51C82042BE2797F00661FEC /* ViewModel */,
				E51C82032BE2797B00661FEC /* View */,
			);
			path = Root;
			sourceTree = "<group>";
		};
		E51C82032BE2797B00661FEC /* View */ = {
			isa = PBXGroup;
			children = (
				E5338FB52BDE5F55009ACB21 /* ContentView.swift */,
			);
			path = View;
			sourceTree = "<group>";
		};
		E51C82042BE2797F00661FEC /* ViewModel */ = {
			isa = PBXGroup;
			children = (
				E51C82052BE2799900661FEC /* ContentViewModel.swift */,
			);
			path = ViewModel;
			sourceTree = "<group>";
		};
		E51C82072BE27D4100661FEC /* ViewModel */ = {
			isa = PBXGroup;
			children = (
				E51C82082BE27D4D00661FEC /* RegisterViewModel.swift */,
				E5C4DF3B2BE6718000BF2E56 /* LoginViewModel.swift */,
			);
			path = ViewModel;
			sourceTree = "<group>";
		};
		E5338FA72BDE5F55009ACB21 = {
			isa = PBXGroup;
			children = (
				E5338FB22BDE5F55009ACB21 /* instaClone */,
				E5338FB12BDE5F55009ACB21 /* Products */,
				E51C81FF2BE278CA00661FEC /* Frameworks */,
			);
			sourceTree = "<group>";
		};
		E5338FB12BDE5F55009ACB21 /* Products */ = {
			isa = PBXGroup;
			children = (
				E5338FB02BDE5F55009ACB21 /* instaClone.app */,
			);
			name = Products;
			sourceTree = "<group>";
		};
		E5338FB22BDE5F55009ACB21 /* instaClone */ = {
			isa = PBXGroup;
			children = (
				E5338FC52BDE5FE9009ACB21 /* Service */,
				E5338FC42BDE5FE3009ACB21 /* Model */,
				E5338FC32BDE5FD7009ACB21 /* Extensions */,
				E5338FC22BDE5FB9009ACB21 /* Core */,
				E5338FC12BDE5FB1009ACB21 /* App */,
				E5338FB32BDE5F55009ACB21 /* instaCloneApp.swift */,
				E5338FB72BDE5F57009ACB21 /* Assets.xcassets */,
				E51C81EF2BE2765F00661FEC /* GoogleService-Info.plist */,
				E5338FB92BDE5F57009ACB21 /* Preview Content */,
			);
			path = instaClone;
			sourceTree = "<group>";
		};
		E5338FB92BDE5F57009ACB21 /* Preview Content */ = {
			isa = PBXGroup;
			children = (
				E5338FBA2BDE5F57009ACB21 /* Preview Assets.xcassets */,
			);
			path = "Preview Content";
			sourceTree = "<group>";
		};
		E5338FC12BDE5FB1009ACB21 /* App */ = {
			isa = PBXGroup;
			children = (
			);
			path = App;
			sourceTree = "<group>";
		};
		E5338FC22BDE5FB9009ACB21 /* Core */ = {
			isa = PBXGroup;
			children = (
				E51C82022BE2797400661FEC /* Root */,
				E5338FD02BDE661C009ACB21 /* Components */,
				E5338FCB2BDE6031009ACB21 /* UploadPost */,
				E5338FCA2BDE6027009ACB21 /* TabBar */,
				E5338FC82BDE6003009ACB21 /* Search */,
				E5338FC92BDE600D009ACB21 /* Profile */,
				E5338FC72BDE5FFF009ACB21 /* Feed */,
				E5338FC62BDE5FF2009ACB21 /* Authentication */,
			);
			path = Core;
			sourceTree = "<group>";
		};
		E5338FC32BDE5FD7009ACB21 /* Extensions */ = {
			isa = PBXGroup;
			children = (
			);
			path = Extensions;
			sourceTree = "<group>";
		};
		E5338FC42BDE5FE3009ACB21 /* Model */ = {
			isa = PBXGroup;
			children = (
				E51C81E12BE231CD00661FEC /* User.swift */,
				E51C81E52BE244F000661FEC /* Post.swift */,
			);
			path = Model;
			sourceTree = "<group>";
		};
		E5338FC52BDE5FE9009ACB21 /* Service */ = {
			isa = PBXGroup;
			children = (
				E5C4DF412BE6807E00BF2E56 /* UserService.swift */,
			);
			path = Service;
			sourceTree = "<group>";
		};
		E5338FC62BDE5FF2009ACB21 /* Authentication */ = {
			isa = PBXGroup;
			children = (
				E5C4DF3A2BE6716300BF2E56 /* View */,
				E51C82072BE27D4100661FEC /* ViewModel */,
				E51C81FC2BE2780A00661FEC /* Service */,
			);
			path = Authentication;
			sourceTree = "<group>";
		};
		E5338FC72BDE5FFF009ACB21 /* Feed */ = {
			isa = PBXGroup;
			children = (
				E5338FD32BDE693A009ACB21 /* FeedView.swift */,
				E5338FD52BDE6940009ACB21 /* FeedCell.swift */,
			);
			path = Feed;
			sourceTree = "<group>";
		};
		E5338FC82BDE6003009ACB21 /* Search */ = {
			isa = PBXGroup;
			children = (
				E5C4DF442BE6816400BF2E56 /* ViewModel */,
				E5C4DF432BE6816000BF2E56 /* View */,
			);
			path = Search;
			sourceTree = "<group>";
		};
		E5338FC92BDE600D009ACB21 /* Profile */ = {
			isa = PBXGroup;
			children = (
				E5338FCE2BDE6319009ACB21 /* ProfileView.swift */,
				E51C81E32BE242AC00661FEC /* CurrentUserProfileView.swift */,
			);
			path = Profile;
			sourceTree = "<group>";
		};
		E5338FCA2BDE6027009ACB21 /* TabBar */ = {
			isa = PBXGroup;
			children = (
				E5338FCC2BDE60D1009ACB21 /* MainTabView.swift */,
			);
			path = TabBar;
			sourceTree = "<group>";
		};
		E5338FCB2BDE6031009ACB21 /* UploadPost */ = {
			isa = PBXGroup;
			children = (
				E51C81EB2BE24FC000661FEC /* UploadPostView.swift */,
				E51C81ED2BE2522100661FEC /* UploadPostViewModel.swift */,
			);
			path = UploadPost;
			sourceTree = "<group>";
		};
		E5338FD02BDE661C009ACB21 /* Components */ = {
			isa = PBXGroup;
			children = (
				E5338FD12BDE663C009ACB21 /* UserStatView.swift */,
				E5338FDD2BDE7DF0009ACB21 /* IGTextFieldModifier.swift */,
				E51C81DF2BE22F8B00661FEC /* SecureFieldWithButton.swift */,
				E51C81E72BE2485300661FEC /* PostGridView.swift */,
				E51C81E92BE2495F00661FEC /* ProfileHeaderView.swift */,
			);
			path = Components;
			sourceTree = "<group>";
		};
		E5C4DF3A2BE6716300BF2E56 /* View */ = {
			isa = PBXGroup;
			children = (
				E5338FD92BDE7730009ACB21 /* LoginView.swift */,
				E5338FDB2BDE7BBD009ACB21 /* AddEmailView.swift */,
				E5338FDF2BDE7F15009ACB21 /* CreateUsernameView.swift */,
				E5338FE12BDE7FE4009ACB21 /* CreatePasswordView.swift */,
				E5338FE32BDE8069009ACB21 /* CompleteSignupView.swift */,
			);
			path = View;
			sourceTree = "<group>";
		};
		E5C4DF432BE6816000BF2E56 /* View */ = {
			isa = PBXGroup;
			children = (
				E5338FD72BDE7586009ACB21 /* SearchView.swift */,
			);
			path = View;
			sourceTree = "<group>";
		};
		E5C4DF442BE6816400BF2E56 /* ViewModel */ = {
			isa = PBXGroup;
			children = (
				E5C4DF452BE6817600BF2E56 /* SearchViewModel.swift */,
			);
			path = ViewModel;
			sourceTree = "<group>";
		};
/* End PBXGroup section */

/* Begin PBXNativeTarget section */
		E5338FAF2BDE5F55009ACB21 /* instaClone */ = {
			isa = PBXNativeTarget;
			buildConfigurationList = E5338FBE2BDE5F57009ACB21 /* Build configuration list for PBXNativeTarget "instaClone" */;
			buildPhases = (
				E5338FAC2BDE5F55009ACB21 /* Sources */,
				E5338FAD2BDE5F55009ACB21 /* Frameworks */,
				E5338FAE2BDE5F55009ACB21 /* Resources */,
			);
			buildRules = (
			);
			dependencies = (
			);
			name = instaClone;
			packageProductDependencies = (
				E51C82002BE278CA00661FEC /* FirebaseAuth */,
				E5C4DF3D2BE674A200BF2E56 /* FirebaseFirestoreSwift */,
				E5C4DF3F2BE6750400BF2E56 /* FirebaseFirestore */,
			);
			productName = instaClone;
			productReference = E5338FB02BDE5F55009ACB21 /* instaClone.app */;
			productType = "com.apple.product-type.application";
		};
/* End PBXNativeTarget section */

/* Begin PBXProject section */
		E5338FA82BDE5F55009ACB21 /* Project object */ = {
			isa = PBXProject;
			attributes = {
				BuildIndependentTargetsInParallel = 1;
				LastSwiftUpdateCheck = 1500;
				LastUpgradeCheck = 1500;
				TargetAttributes = {
					E5338FAF2BDE5F55009ACB21 = {
						CreatedOnToolsVersion = 15.0.1;
					};
				};
			};
			buildConfigurationList = E5338FAB2BDE5F55009ACB21 /* Build configuration list for PBXProject "instaClone" */;
			compatibilityVersion = "Xcode 14.0";
			developmentRegion = en;
			hasScannedForEncodings = 0;
			knownRegions = (
				en,
				Base,
			);
			mainGroup = E5338FA72BDE5F55009ACB21;
			packageReferences = (
				E51C81F12BE276D700661FEC /* XCRemoteSwiftPackageReference "firebase-ios-sdk" */,
			);
			productRefGroup = E5338FB12BDE5F55009ACB21 /* Products */;
			projectDirPath = "";
			projectRoot = "";
			targets = (
				E5338FAF2BDE5F55009ACB21 /* instaClone */,
			);
		};
/* End PBXProject section */

/* Begin PBXResourcesBuildPhase section */
		E5338FAE2BDE5F55009ACB21 /* Resources */ = {
			isa = PBXResourcesBuildPhase;
			buildActionMask = 2147483647;
			files = (
				E5338FBB2BDE5F57009ACB21 /* Preview Assets.xcassets in Resources */,
				E5338FB82BDE5F57009ACB21 /* Assets.xcassets in Resources */,
				E51C81F02BE2765F00661FEC /* GoogleService-Info.plist in Resources */,
			);
			runOnlyForDeploymentPostprocessing = 0;
		};
/* End PBXResourcesBuildPhase section */

/* Begin PBXSourcesBuildPhase section */
		E5338FAC2BDE5F55009ACB21 /* Sources */ = {
			isa = PBXSourcesBuildPhase;
			buildActionMask = 2147483647;
			files = (
				E5338FD62BDE6940009ACB21 /* FeedCell.swift in Sources */,
				E51C82092BE27D4D00661FEC /* RegisterViewModel.swift in Sources */,
				E5C4DF422BE6807E00BF2E56 /* UserService.swift in Sources */,
				E51C81FE2BE2781400661FEC /* AuthService.swift in Sources */,
				E5338FCF2BDE6319009ACB21 /* ProfileView.swift in Sources */,
				E51C81E02BE22F8B00661FEC /* SecureFieldWithButton.swift in Sources */,
				E5338FB62BDE5F55009ACB21 /* ContentView.swift in Sources */,
				E51C81E22BE231CD00661FEC /* User.swift in Sources */,
				E5338FDA2BDE7730009ACB21 /* LoginView.swift in Sources */,
				E5C4DF3C2BE6718000BF2E56 /* LoginViewModel.swift in Sources */,
				E5338FB42BDE5F55009ACB21 /* instaCloneApp.swift in Sources */,
				E51C82062BE2799900661FEC /* ContentViewModel.swift in Sources */,
				E51C81EA2BE2495F00661FEC /* ProfileHeaderView.swift in Sources */,
				E5338FDC2BDE7BBD009ACB21 /* AddEmailView.swift in Sources */,
				E5338FE02BDE7F15009ACB21 /* CreateUsernameView.swift in Sources */,
				E5338FD82BDE7586009ACB21 /* SearchView.swift in Sources */,
				E5338FDE2BDE7DF0009ACB21 /* IGTextFieldModifier.swift in Sources */,
				E5338FE42BDE8069009ACB21 /* CompleteSignupView.swift in Sources */,
				E51C81EE2BE2522100661FEC /* UploadPostViewModel.swift in Sources */,
				E51C81E82BE2485300661FEC /* PostGridView.swift in Sources */,
				E5338FD22BDE663C009ACB21 /* UserStatView.swift in Sources */,
				E5338FD42BDE693A009ACB21 /* FeedView.swift in Sources */,
				E5C4DF462BE6817600BF2E56 /* SearchViewModel.swift in Sources */,
				E51C81EC2BE24FC000661FEC /* UploadPostView.swift in Sources */,
				E5338FCD2BDE60D1009ACB21 /* MainTabView.swift in Sources */,
				E51C81E62BE244F000661FEC /* Post.swift in Sources */,
				E5338FE22BDE7FE4009ACB21 /* CreatePasswordView.swift in Sources */,
				E51C81E42BE242AC00661FEC /* CurrentUserProfileView.swift in Sources */,
			);
			runOnlyForDeploymentPostprocessing = 0;
		};
/* End PBXSourcesBuildPhase section */

/* Begin XCBuildConfiguration section */
		E5338FBC2BDE5F57009ACB21 /* Debug */ = {
			isa = XCBuildConfiguration;
			buildSettings = {
				ALWAYS_SEARCH_USER_PATHS = NO;
				ASSETCATALOG_COMPILER_GENERATE_SWIFT_ASSET_SYMBOL_EXTENSIONS = YES;
				CLANG_ANALYZER_NONNULL = YES;
				CLANG_ANALYZER_NUMBER_OBJECT_CONVERSION = YES_AGGRESSIVE;
				CLANG_CXX_LANGUAGE_STANDARD = "gnu++20";
				CLANG_ENABLE_MODULES = YES;
				CLANG_ENABLE_OBJC_ARC = YES;
				CLANG_ENABLE_OBJC_WEAK = YES;
				CLANG_WARN_BLOCK_CAPTURE_AUTORELEASING = YES;
				CLANG_WARN_BOOL_CONVERSION = YES;
				CLANG_WARN_COMMA = YES;
				CLANG_WARN_CONSTANT_CONVERSION = YES;
				CLANG_WARN_DEPRECATED_OBJC_IMPLEMENTATIONS = YES;
				CLANG_WARN_DIRECT_OBJC_ISA_USAGE = YES_ERROR;
				CLANG_WARN_DOCUMENTATION_COMMENTS = YES;
				CLANG_WARN_EMPTY_BODY = YES;
				CLANG_WARN_ENUM_CONVERSION = YES;
				CLANG_WARN_INFINITE_RECURSION = YES;
				CLANG_WARN_INT_CONVERSION = YES;
				CLANG_WARN_NON_LITERAL_NULL_CONVERSION = YES;
				CLANG_WARN_OBJC_IMPLICIT_RETAIN_SELF = YES;
				CLANG_WARN_OBJC_LITERAL_CONVERSION = YES;
				CLANG_WARN_OBJC_ROOT_CLASS = YES_ERROR;
				CLANG_WARN_QUOTED_INCLUDE_IN_FRAMEWORK_HEADER = YES;
				CLANG_WARN_RANGE_LOOP_ANALYSIS = YES;
				CLANG_WARN_STRICT_PROTOTYPES = YES;
				CLANG_WARN_SUSPICIOUS_MOVE = YES;
				CLANG_WARN_UNGUARDED_AVAILABILITY = YES_AGGRESSIVE;
				CLANG_WARN_UNREACHABLE_CODE = YES;
				CLANG_WARN__DUPLICATE_METHOD_MATCH = YES;
				COPY_PHASE_STRIP = NO;
				DEBUG_INFORMATION_FORMAT = dwarf;
				ENABLE_STRICT_OBJC_MSGSEND = YES;
				ENABLE_TESTABILITY = YES;
				ENABLE_USER_SCRIPT_SANDBOXING = YES;
				GCC_C_LANGUAGE_STANDARD = gnu17;
				GCC_DYNAMIC_NO_PIC = NO;
				GCC_NO_COMMON_BLOCKS = YES;
				GCC_OPTIMIZATION_LEVEL = 0;
				GCC_PREPROCESSOR_DEFINITIONS = (
					"DEBUG=1",
					"$(inherited)",
				);
				GCC_WARN_64_TO_32_BIT_CONVERSION = YES;
				GCC_WARN_ABOUT_RETURN_TYPE = YES_ERROR;
				GCC_WARN_UNDECLARED_SELECTOR = YES;
				GCC_WARN_UNINITIALIZED_AUTOS = YES_AGGRESSIVE;
				GCC_WARN_UNUSED_FUNCTION = YES;
				GCC_WARN_UNUSED_VARIABLE = YES;
				IPHONEOS_DEPLOYMENT_TARGET = 17.0;
				LOCALIZATION_PREFERS_STRING_CATALOGS = YES;
				MTL_ENABLE_DEBUG_INFO = INCLUDE_SOURCE;
				MTL_FAST_MATH = YES;
				ONLY_ACTIVE_ARCH = YES;
				SDKROOT = iphoneos;
				SWIFT_ACTIVE_COMPILATION_CONDITIONS = "DEBUG $(inherited)";
				SWIFT_OPTIMIZATION_LEVEL = "-Onone";
			};
			name = Debug;
		};
		E5338FBD2BDE5F57009ACB21 /* Release */ = {
			isa = XCBuildConfiguration;
			buildSettings = {
				ALWAYS_SEARCH_USER_PATHS = NO;
				ASSETCATALOG_COMPILER_GENERATE_SWIFT_ASSET_SYMBOL_EXTENSIONS = YES;
				CLANG_ANALYZER_NONNULL = YES;
				CLANG_ANALYZER_NUMBER_OBJECT_CONVERSION = YES_AGGRESSIVE;
				CLANG_CXX_LANGUAGE_STANDARD = "gnu++20";
				CLANG_ENABLE_MODULES = YES;
				CLANG_ENABLE_OBJC_ARC = YES;
				CLANG_ENABLE_OBJC_WEAK = YES;
				CLANG_WARN_BLOCK_CAPTURE_AUTORELEASING = YES;
				CLANG_WARN_BOOL_CONVERSION = YES;
				CLANG_WARN_COMMA = YES;
				CLANG_WARN_CONSTANT_CONVERSION = YES;
				CLANG_WARN_DEPRECATED_OBJC_IMPLEMENTATIONS = YES;
				CLANG_WARN_DIRECT_OBJC_ISA_USAGE = YES_ERROR;
				CLANG_WARN_DOCUMENTATION_COMMENTS = YES;
				CLANG_WARN_EMPTY_BODY = YES;
				CLANG_WARN_ENUM_CONVERSION = YES;
				CLANG_WARN_INFINITE_RECURSION = YES;
				CLANG_WARN_INT_CONVERSION = YES;
				CLANG_WARN_NON_LITERAL_NULL_CONVERSION = YES;
				CLANG_WARN_OBJC_IMPLICIT_RETAIN_SELF = YES;
				CLANG_WARN_OBJC_LITERAL_CONVERSION = YES;
				CLANG_WARN_OBJC_ROOT_CLASS = YES_ERROR;
				CLANG_WARN_QUOTED_INCLUDE_IN_FRAMEWORK_HEADER = YES;
				CLANG_WARN_RANGE_LOOP_ANALYSIS = YES;
				CLANG_WARN_STRICT_PROTOTYPES = YES;
				CLANG_WARN_SUSPICIOUS_MOVE = YES;
				CLANG_WARN_UNGUARDED_AVAILABILITY = YES_AGGRESSIVE;
				CLANG_WARN_UNREACHABLE_CODE = YES;
				CLANG_WARN__DUPLICATE_METHOD_MATCH = YES;
				COPY_PHASE_STRIP = NO;
				DEBUG_INFORMATION_FORMAT = "dwarf-with-dsym";
				ENABLE_NS_ASSERTIONS = NO;
				ENABLE_STRICT_OBJC_MSGSEND = YES;
				ENABLE_USER_SCRIPT_SANDBOXING = YES;
				GCC_C_LANGUAGE_STANDARD = gnu17;
				GCC_NO_COMMON_BLOCKS = YES;
				GCC_WARN_64_TO_32_BIT_CONVERSION = YES;
				GCC_WARN_ABOUT_RETURN_TYPE = YES_ERROR;
				GCC_WARN_UNDECLARED_SELECTOR = YES;
				GCC_WARN_UNINITIALIZED_AUTOS = YES_AGGRESSIVE;
				GCC_WARN_UNUSED_FUNCTION = YES;
				GCC_WARN_UNUSED_VARIABLE = YES;
				IPHONEOS_DEPLOYMENT_TARGET = 17.0;
				LOCALIZATION_PREFERS_STRING_CATALOGS = YES;
				MTL_ENABLE_DEBUG_INFO = NO;
				MTL_FAST_MATH = YES;
				SDKROOT = iphoneos;
				SWIFT_COMPILATION_MODE = wholemodule;
				VALIDATE_PRODUCT = YES;
			};
			name = Release;
		};
		E5338FBF2BDE5F57009ACB21 /* Debug */ = {
			isa = XCBuildConfiguration;
			buildSettings = {
				ASSETCATALOG_COMPILER_APPICON_NAME = AppIcon;
				ASSETCATALOG_COMPILER_GLOBAL_ACCENT_COLOR_NAME = AccentColor;
				CODE_SIGN_STYLE = Automatic;
				CURRENT_PROJECT_VERSION = 1;
				DEVELOPMENT_ASSET_PATHS = "\"instaClone/Preview Content\"";
				ENABLE_PREVIEWS = YES;
				GENERATE_INFOPLIST_FILE = YES;
				INFOPLIST_KEY_UIApplicationSceneManifest_Generation = YES;
				INFOPLIST_KEY_UIApplicationSupportsIndirectInputEvents = YES;
				INFOPLIST_KEY_UILaunchScreen_Generation = YES;
				INFOPLIST_KEY_UISupportedInterfaceOrientations_iPad = "UIInterfaceOrientationPortrait UIInterfaceOrientationPortraitUpsideDown UIInterfaceOrientationLandscapeLeft UIInterfaceOrientationLandscapeRight";
				INFOPLIST_KEY_UISupportedInterfaceOrientations_iPhone = "UIInterfaceOrientationPortrait UIInterfaceOrientationLandscapeLeft UIInterfaceOrientationLandscapeRight";
				LD_RUNPATH_SEARCH_PATHS = (
					"$(inherited)",
					"@executable_path/Frameworks",
				);
				MARKETING_VERSION = 1.0;
				PRODUCT_BUNDLE_IDENTIFIER = com.cembicakci.instaClone;
				PRODUCT_NAME = "$(TARGET_NAME)";
				SWIFT_EMIT_LOC_STRINGS = YES;
				SWIFT_VERSION = 5.0;
				TARGETED_DEVICE_FAMILY = "1,2";
			};
			name = Debug;
		};
		E5338FC02BDE5F57009ACB21 /* Release */ = {
			isa = XCBuildConfiguration;
			buildSettings = {
				ASSETCATALOG_COMPILER_APPICON_NAME = AppIcon;
				ASSETCATALOG_COMPILER_GLOBAL_ACCENT_COLOR_NAME = AccentColor;
				CODE_SIGN_STYLE = Automatic;
				CURRENT_PROJECT_VERSION = 1;
				DEVELOPMENT_ASSET_PATHS = "\"instaClone/Preview Content\"";
				ENABLE_PREVIEWS = YES;
				GENERATE_INFOPLIST_FILE = YES;
				INFOPLIST_KEY_UIApplicationSceneManifest_Generation = YES;
				INFOPLIST_KEY_UIApplicationSupportsIndirectInputEvents = YES;
				INFOPLIST_KEY_UILaunchScreen_Generation = YES;
				INFOPLIST_KEY_UISupportedInterfaceOrientations_iPad = "UIInterfaceOrientationPortrait UIInterfaceOrientationPortraitUpsideDown UIInterfaceOrientationLandscapeLeft UIInterfaceOrientationLandscapeRight";
				INFOPLIST_KEY_UISupportedInterfaceOrientations_iPhone = "UIInterfaceOrientationPortrait UIInterfaceOrientationLandscapeLeft UIInterfaceOrientationLandscapeRight";
				LD_RUNPATH_SEARCH_PATHS = (
					"$(inherited)",
					"@executable_path/Frameworks",
				);
				MARKETING_VERSION = 1.0;
				PRODUCT_BUNDLE_IDENTIFIER = com.cembicakci.instaClone;
				PRODUCT_NAME = "$(TARGET_NAME)";
				SWIFT_EMIT_LOC_STRINGS = YES;
				SWIFT_VERSION = 5.0;
				TARGETED_DEVICE_FAMILY = "1,2";
			};
			name = Release;
		};
/* End XCBuildConfiguration section */

/* Begin XCConfigurationList section */
		E5338FAB2BDE5F55009ACB21 /* Build configuration list for PBXProject "instaClone" */ = {
			isa = XCConfigurationList;
			buildConfigurations = (
				E5338FBC2BDE5F57009ACB21 /* Debug */,
				E5338FBD2BDE5F57009ACB21 /* Release */,
			);
			defaultConfigurationIsVisible = 0;
			defaultConfigurationName = Release;
		};
		E5338FBE2BDE5F57009ACB21 /* Build configuration list for PBXNativeTarget "instaClone" */ = {
			isa = XCConfigurationList;
			buildConfigurations = (
				E5338FBF2BDE5F57009ACB21 /* Debug */,
				E5338FC02BDE5F57009ACB21 /* Release */,
			);
			defaultConfigurationIsVisible = 0;
			defaultConfigurationName = Release;
		};
/* End XCConfigurationList section */

/* Begin XCRemoteSwiftPackageReference section */
		E51C81F12BE276D700661FEC /* XCRemoteSwiftPackageReference "firebase-ios-sdk" */ = {
			isa = XCRemoteSwiftPackageReference;
			repositoryURL = "https://github.com/firebase/firebase-ios-sdk.git";
			requirement = {
				kind = upToNextMajorVersion;
				minimumVersion = 10.25.0;
			};
		};
/* End XCRemoteSwiftPackageReference section */

/* Begin XCSwiftPackageProductDependency section */
		E51C82002BE278CA00661FEC /* FirebaseAuth */ = {
			isa = XCSwiftPackageProductDependency;
			package = E51C81F12BE276D700661FEC /* XCRemoteSwiftPackageReference "firebase-ios-sdk" */;
			productName = FirebaseAuth;
		};
		E5C4DF3D2BE674A200BF2E56 /* FirebaseFirestoreSwift */ = {
			isa = XCSwiftPackageProductDependency;
			package = E51C81F12BE276D700661FEC /* XCRemoteSwiftPackageReference "firebase-ios-sdk" */;
			productName = FirebaseFirestoreSwift;
		};
		E5C4DF3F2BE6750400BF2E56 /* FirebaseFirestore */ = {
			isa = XCSwiftPackageProductDependency;
			package = E51C81F12BE276D700661FEC /* XCRemoteSwiftPackageReference "firebase-ios-sdk" */;
			productName = FirebaseFirestore;
		};
/* End XCSwiftPackageProductDependency section */
	};
	rootObject = E5338FA82BDE5F55009ACB21 /* Project object */;
}
